
Microsoft Visual Studio Solution File, Format Version 12.00
# Visual Studio Version 16
VisualStudioVersion = 16.0.32630.194
MinimumVisualStudioVersion = 10.0.40219.1
Project("{FAE04EC0-301F-11D3-BF4B-00C04F79EFBC}") = "Modificadores_Ref_Out", "Modificadores_Ref_Out\Modificadores_Ref_Out.csproj", "{7CA7D53C-B162-4F3C-BE7A-2FCCF2BD0539}"
EndProject
Global
	GlobalSection(SolutionConfigurationPlatforms) = preSolution
		Debug|Any CPU = Debug|Any CPU
		Release|Any CPU = Release|Any CPU
	EndGlobalSection
	GlobalSection(ProjectConfigurationPlatforms) = postSolution
		{7CA7D53C-B162-4F3C-BE7A-2FCCF2BD0539}.Debug|Any CPU.ActiveCfg = Debug|Any CPU
		{7CA7D53C-B162-4F3C-BE7A-2FCCF2BD0539}.Debug|Any CPU.Build.0 = Debug|Any CPU
		{7CA7D53C-B162-4F3C-BE7A-2FCCF2BD0539}.Release|Any CPU.ActiveCfg = Release|Any CPU
		{7CA7D53C-B162-4F3C-BE7A-2FCCF2BD0539}.Release|Any CPU.Build.0 = Release|Any CPU
	EndGlobalSection
	GlobalSection(SolutionProperties) = preSolution
		HideSolutionNode = FALSE
	EndGlobalSection
	GlobalSection(ExtensibilityGlobals) = postSolution
		SolutionGuid = {2479FDC1-AA6C-4095-AC4A-BF8AEC96920E}
	EndGlobalSection
EndGlobal
