
Microsoft Visual Studio Solution File, Format Version 12.00
# Visual Studio Version 16
VisualStudioVersion = 16.0.32630.194
MinimumVisualStudioVersion = 10.0.40219.1
Project("{FAE04EC0-301F-11D3-BF4B-00C04F79EFBC}") = "Operadores_Comparativos_Logicos", "Operadores_Comparativos_Logicos\Operadores_Comparativos_Logicos.csproj", "{3BAD0915-700F-44D2-8B85-E3F077035614}"
EndProject
Global
	GlobalSection(SolutionConfigurationPlatforms) = preSolution
		Debug|Any CPU = Debug|Any CPU
		Release|Any CPU = Release|Any CPU
	EndGlobalSection
	GlobalSection(ProjectConfigurationPlatforms) = postSolution
		{3BAD0915-700F-44D2-8B85-E3F077035614}.Debug|Any CPU.ActiveCfg = Debug|Any CPU
		{3BAD0915-700F-44D2-8B85-E3F077035614}.Debug|Any CPU.Build.0 = Debug|Any CPU
		{3BAD0915-700F-44D2-8B85-E3F077035614}.Release|Any CPU.ActiveCfg = Release|Any CPU
		{3BAD0915-700F-44D2-8B85-E3F077035614}.Release|Any CPU.Build.0 = Release|Any CPU
	EndGlobalSection
	GlobalSection(SolutionProperties) = preSolution
		HideSolutionNode = FALSE
	EndGlobalSection
	GlobalSection(ExtensibilityGlobals) = postSolution
		SolutionGuid = {44489C06-A56F-4887-91C5-8513B3D7EDCE}
	EndGlobalSection
EndGlobal
