
Microsoft Visual Studio Solution File, Format Version 12.00
# Visual Studio Version 16
VisualStudioVersion = 16.0.32630.194
MinimumVisualStudioVersion = 10.0.40219.1
Project("{FAE04EC0-301F-11D3-BF4B-00C04F79EFBC}") = "Classes_Atributos_Metodos_MembrosEstaticos", "Classes_Atributos_Metodos_MembrosEstaticos\Classes_Atributos_Metodos_MembrosEstaticos.csproj", "{8007F278-E8F2-4038-BC40-97C0194D6A96}"
EndProject
Global
	GlobalSection(SolutionConfigurationPlatforms) = preSolution
		Debug|Any CPU = Debug|Any CPU
		Release|Any CPU = Release|Any CPU
	EndGlobalSection
	GlobalSection(ProjectConfigurationPlatforms) = postSolution
		{8007F278-E8F2-4038-BC40-97C0194D6A96}.Debug|Any CPU.ActiveCfg = Debug|Any CPU
		{8007F278-E8F2-4038-BC40-97C0194D6A96}.Debug|Any CPU.Build.0 = Debug|Any CPU
		{8007F278-E8F2-4038-BC40-97C0194D6A96}.Release|Any CPU.ActiveCfg = Release|Any CPU
		{8007F278-E8F2-4038-BC40-97C0194D6A96}.Release|Any CPU.Build.0 = Release|Any CPU
	EndGlobalSection
	GlobalSection(SolutionProperties) = preSolution
		HideSolutionNode = FALSE
	EndGlobalSection
	GlobalSection(ExtensibilityGlobals) = postSolution
		SolutionGuid = {84245090-C225-41EC-B46D-DF82363D6B70}
	EndGlobalSection
EndGlobal
