
Microsoft Visual Studio Solution File, Format Version 12.00
# Visual Studio Version 16
VisualStudioVersion = 16.0.32630.194
MinimumVisualStudioVersion = 10.0.40219.1
Project("{FAE04EC0-301F-11D3-BF4B-00C04F79EFBC}") = "Estrutura_Repetitiva_For", "Estrutura_Repetitiva_For\Estrutura_Repetitiva_For.csproj", "{74C6A8DD-59F1-449A-8993-02AB1A50962A}"
EndProject
Global
	GlobalSection(SolutionConfigurationPlatforms) = preSolution
		Debug|Any CPU = Debug|Any CPU
		Release|Any CPU = Release|Any CPU
	EndGlobalSection
	GlobalSection(ProjectConfigurationPlatforms) = postSolution
		{74C6A8DD-59F1-449A-8993-02AB1A50962A}.Debug|Any CPU.ActiveCfg = Debug|Any CPU
		{74C6A8DD-59F1-449A-8993-02AB1A50962A}.Debug|Any CPU.Build.0 = Debug|Any CPU
		{74C6A8DD-59F1-449A-8993-02AB1A50962A}.Release|Any CPU.ActiveCfg = Release|Any CPU
		{74C6A8DD-59F1-449A-8993-02AB1A50962A}.Release|Any CPU.Build.0 = Release|Any CPU
	EndGlobalSection
	GlobalSection(SolutionProperties) = preSolution
		HideSolutionNode = FALSE
	EndGlobalSection
	GlobalSection(ExtensibilityGlobals) = postSolution
		SolutionGuid = {09D20735-0305-47C0-AC7F-94DF01B71B52}
	EndGlobalSection
EndGlobal
