
Microsoft Visual Studio Solution File, Format Version 12.00
# Visual Studio Version 16
VisualStudioVersion = 16.0.32630.194
MinimumVisualStudioVersion = 10.0.40219.1
Project("{FAE04EC0-301F-11D3-BF4B-00C04F79EFBC}") = "Exercicio_Vetor", "Exercicio_Vetor\Exercicio_Vetor.csproj", "{610ED409-2D66-411E-820A-F25B11990937}"
EndProject
Global
	GlobalSection(SolutionConfigurationPlatforms) = preSolution
		Debug|Any CPU = Debug|Any CPU
		Release|Any CPU = Release|Any CPU
	EndGlobalSection
	GlobalSection(ProjectConfigurationPlatforms) = postSolution
		{610ED409-2D66-411E-820A-F25B11990937}.Debug|Any CPU.ActiveCfg = Debug|Any CPU
		{610ED409-2D66-411E-820A-F25B11990937}.Debug|Any CPU.Build.0 = Debug|Any CPU
		{610ED409-2D66-411E-820A-F25B11990937}.Release|Any CPU.ActiveCfg = Release|Any CPU
		{610ED409-2D66-411E-820A-F25B11990937}.Release|Any CPU.Build.0 = Release|Any CPU
	EndGlobalSection
	GlobalSection(SolutionProperties) = preSolution
		HideSolutionNode = FALSE
	EndGlobalSection
	GlobalSection(ExtensibilityGlobals) = postSolution
		SolutionGuid = {2032ACF7-E269-4609-A710-E42E7001C3FD}
	EndGlobalSection
EndGlobal
