
Microsoft Visual Studio Solution File, Format Version 12.00
# Visual Studio Version 16
VisualStudioVersion = 16.0.32630.194
MinimumVisualStudioVersion = 10.0.40219.1
Project("{FAE04EC0-301F-11D3-BF4B-00C04F79EFBC}") = "Inferencia_Tipos", "Inferencia_Tipos\Inferencia_Tipos.csproj", "{ED305525-3D47-4D7A-8C18-61064EA6CF2B}"
EndProject
Global
	GlobalSection(SolutionConfigurationPlatforms) = preSolution
		Debug|Any CPU = Debug|Any CPU
		Release|Any CPU = Release|Any CPU
	EndGlobalSection
	GlobalSection(ProjectConfigurationPlatforms) = postSolution
		{ED305525-3D47-4D7A-8C18-61064EA6CF2B}.Debug|Any CPU.ActiveCfg = Debug|Any CPU
		{ED305525-3D47-4D7A-8C18-61064EA6CF2B}.Debug|Any CPU.Build.0 = Debug|Any CPU
		{ED305525-3D47-4D7A-8C18-61064EA6CF2B}.Release|Any CPU.ActiveCfg = Release|Any CPU
		{ED305525-3D47-4D7A-8C18-61064EA6CF2B}.Release|Any CPU.Build.0 = Release|Any CPU
	EndGlobalSection
	GlobalSection(SolutionProperties) = preSolution
		HideSolutionNode = FALSE
	EndGlobalSection
	GlobalSection(ExtensibilityGlobals) = postSolution
		SolutionGuid = {87469BD9-0B03-4702-81F0-1B6F53DBDA01}
	EndGlobalSection
EndGlobal
