
Microsoft Visual Studio Solution File, Format Version 12.00
# Visual Studio Version 16
VisualStudioVersion = 16.0.32630.194
MinimumVisualStudioVersion = 10.0.40219.1
Project("{FAE04EC0-301F-11D3-BF4B-00C04F79EFBC}") = "Matrizes", "Matrizes\Matrizes.csproj", "{57390261-8D6B-43F7-8EBE-D77602A915F7}"
EndProject
Global
	GlobalSection(SolutionConfigurationPlatforms) = preSolution
		Debug|Any CPU = Debug|Any CPU
		Release|Any CPU = Release|Any CPU
	EndGlobalSection
	GlobalSection(ProjectConfigurationPlatforms) = postSolution
		{57390261-8D6B-43F7-8EBE-D77602A915F7}.Debug|Any CPU.ActiveCfg = Debug|Any CPU
		{57390261-8D6B-43F7-8EBE-D77602A915F7}.Debug|Any CPU.Build.0 = Debug|Any CPU
		{57390261-8D6B-43F7-8EBE-D77602A915F7}.Release|Any CPU.ActiveCfg = Release|Any CPU
		{57390261-8D6B-43F7-8EBE-D77602A915F7}.Release|Any CPU.Build.0 = Release|Any CPU
	EndGlobalSection
	GlobalSection(SolutionProperties) = preSolution
		HideSolutionNode = FALSE
	EndGlobalSection
	GlobalSection(ExtensibilityGlobals) = postSolution
		SolutionGuid = {192F3C75-BAC7-478C-AA15-69A0E9AF2A2C}
	EndGlobalSection
EndGlobal
