
Microsoft Visual Studio Solution File, Format Version 12.00
# Visual Studio Version 16
VisualStudioVersion = 16.0.32630.194
MinimumVisualStudioVersion = 10.0.40219.1
Project("{FAE04EC0-301F-11D3-BF4B-00C04F79EFBC}") = "Employee_Activity", "Employee_Activity\Employee_Activity.csproj", "{1D269202-3195-41A2-8FF6-A15931F4635C}"
EndProject
Global
	GlobalSection(SolutionConfigurationPlatforms) = preSolution
		Debug|Any CPU = Debug|Any CPU
		Release|Any CPU = Release|Any CPU
	EndGlobalSection
	GlobalSection(ProjectConfigurationPlatforms) = postSolution
		{1D269202-3195-41A2-8FF6-A15931F4635C}.Debug|Any CPU.ActiveCfg = Debug|Any CPU
		{1D269202-3195-41A2-8FF6-A15931F4635C}.Debug|Any CPU.Build.0 = Debug|Any CPU
		{1D269202-3195-41A2-8FF6-A15931F4635C}.Release|Any CPU.ActiveCfg = Release|Any CPU
		{1D269202-3195-41A2-8FF6-A15931F4635C}.Release|Any CPU.Build.0 = Release|Any CPU
	EndGlobalSection
	GlobalSection(SolutionProperties) = preSolution
		HideSolutionNode = FALSE
	EndGlobalSection
	GlobalSection(ExtensibilityGlobals) = postSolution
		SolutionGuid = {51736ED7-7F63-429B-9FD4-716707304812}
	EndGlobalSection
EndGlobal
