
Microsoft Visual Studio Solution File, Format Version 12.00
# Visual Studio Version 16
VisualStudioVersion = 16.0.32630.194
MinimumVisualStudioVersion = 10.0.40219.1
Project("{FAE04EC0-301F-11D3-BF4B-00C04F79EFBC}") = "Vetores", "Vetores\Vetores.csproj", "{C45209AF-9C85-4C53-8D57-F21324389C83}"
EndProject
Global
	GlobalSection(SolutionConfigurationPlatforms) = preSolution
		Debug|Any CPU = Debug|Any CPU
		Release|Any CPU = Release|Any CPU
	EndGlobalSection
	GlobalSection(ProjectConfigurationPlatforms) = postSolution
		{C45209AF-9C85-4C53-8D57-F21324389C83}.Debug|Any CPU.ActiveCfg = Debug|Any CPU
		{C45209AF-9C85-4C53-8D57-F21324389C83}.Debug|Any CPU.Build.0 = Debug|Any CPU
		{C45209AF-9C85-4C53-8D57-F21324389C83}.Release|Any CPU.ActiveCfg = Release|Any CPU
		{C45209AF-9C85-4C53-8D57-F21324389C83}.Release|Any CPU.Build.0 = Release|Any CPU
	EndGlobalSection
	GlobalSection(SolutionProperties) = preSolution
		HideSolutionNode = FALSE
	EndGlobalSection
	GlobalSection(ExtensibilityGlobals) = postSolution
		SolutionGuid = {8DC03E26-E052-4E27-B4B9-2BD253545C58}
	EndGlobalSection
EndGlobal
