
Microsoft Visual Studio Solution File, Format Version 12.00
# Visual Studio Version 16
VisualStudioVersion = 16.0.32630.194
MinimumVisualStudioVersion = 10.0.40219.1
Project("{FAE04EC0-301F-11D3-BF4B-00C04F79EFBC}") = "Course", "Course\Course.csproj", "{9975CC4F-5F7F-4960-969E-4E0D4C316386}"
EndProject
Global
	GlobalSection(SolutionConfigurationPlatforms) = preSolution
		Debug|Any CPU = Debug|Any CPU
		Release|Any CPU = Release|Any CPU
	EndGlobalSection
	GlobalSection(ProjectConfigurationPlatforms) = postSolution
		{9975CC4F-5F7F-4960-969E-4E0D4C316386}.Debug|Any CPU.ActiveCfg = Debug|Any CPU
		{9975CC4F-5F7F-4960-969E-4E0D4C316386}.Debug|Any CPU.Build.0 = Debug|Any CPU
		{9975CC4F-5F7F-4960-969E-4E0D4C316386}.Release|Any CPU.ActiveCfg = Release|Any CPU
		{9975CC4F-5F7F-4960-969E-4E0D4C316386}.Release|Any CPU.Build.0 = Release|Any CPU
	EndGlobalSection
	GlobalSection(SolutionProperties) = preSolution
		HideSolutionNode = FALSE
	EndGlobalSection
	GlobalSection(ExtensibilityGlobals) = postSolution
		SolutionGuid = {A03FBF41-79B9-467A-A63F-04F0E9F3FC75}
	EndGlobalSection
EndGlobal
